
Microsoft Visual Studio Solution File, Format Version 12.00
# Visual Studio 15
VisualStudioVersion = 15.0.28010.2046
MinimumVisualStudioVersion = 10.0.40219.1
Project("{9A19103F-16F7-4668-BE54-9A1E7A4F7556}") = "FlightManager.Web", "FlightManager.Web\FlightManager.Web.csproj", "{E2D155B9-D534-4368-8A5C-99FD384FB06E}"
EndProject
Global
	GlobalSection(SolutionConfigurationPlatforms) = preSolution
		Debug|Any CPU = Debug|Any CPU
		Release|Any CPU = Release|Any CPU
	EndGlobalSection
	GlobalSection(ProjectConfigurationPlatforms) = postSolution
		{E2D155B9-D534-4368-8A5C-99FD384FB06E}.Debug|Any CPU.ActiveCfg = Debug|Any CPU
		{E2D155B9-D534-4368-8A5C-99FD384FB06E}.Debug|Any CPU.Build.0 = Debug|Any CPU
		{E2D155B9-D534-4368-8A5C-99FD384FB06E}.Release|Any CPU.ActiveCfg = Release|Any CPU
		{E2D155B9-D534-4368-8A5C-99FD384FB06E}.Release|Any CPU.Build.0 = Release|Any CPU
	EndGlobalSection
	GlobalSection(SolutionProperties) = preSolution
		HideSolutionNode = FALSE
	EndGlobalSection
	GlobalSection(ExtensibilityGlobals) = postSolution
		SolutionGuid = {DF4B6CDD-E9F2-4E01-B6F9-4EFF0CD6D485}
	EndGlobalSection
EndGlobal
