
Microsoft Visual Studio Solution File, Format Version 12.00
# Visual Studio 15
VisualStudioVersion = 15.0.28010.2046
MinimumVisualStudioVersion = 10.0.40219.1
Project("{9A19103F-16F7-4668-BE54-9A1E7A4F7556}") = "FlightManager.Web", "FlightManager.Web\FlightManager.Web.csproj", "{E2D155B9-D534-4368-8A5C-99FD384FB06E}"
EndProject
Project("{FAE04EC0-301F-11D3-BF4B-00C04F79EFBC}") = "FlightManager.Module", "FlightManager.Module\FlightManager.Module.csproj", "{43FF85C9-FC81-4F49-BDC7-C6D4647C65E7}"
EndProject
Project("{FAE04EC0-301F-11D3-BF4B-00C04F79EFBC}") = "FlightManager.Repository", "FlightManager.Repository\FlightManager.Repository.csproj", "{B1AB7098-324A-40FF-9A79-9C24976AC3DD}"
EndProject
Project("{FAE04EC0-301F-11D3-BF4B-00C04F79EFBC}") = "FlightManager.Tests", "FlightManager.Tests\FlightManager.Tests.csproj", "{A68F23D5-B6DF-467E-A9D9-B27F9142CE8C}"
EndProject
Project("{2150E333-8FDC-42A3-9474-1A3956D46DE8}") = "Documentation", "Documentation", "{055BDF03-D2C9-455C-8269-D62C24D74607}"
EndProject
Global
	GlobalSection(SolutionConfigurationPlatforms) = preSolution
		Debug|Any CPU = Debug|Any CPU
		Release|Any CPU = Release|Any CPU
	EndGlobalSection
	GlobalSection(ProjectConfigurationPlatforms) = postSolution
		{E2D155B9-D534-4368-8A5C-99FD384FB06E}.Debug|Any CPU.ActiveCfg = Debug|Any CPU
		{E2D155B9-D534-4368-8A5C-99FD384FB06E}.Debug|Any CPU.Build.0 = Debug|Any CPU
		{E2D155B9-D534-4368-8A5C-99FD384FB06E}.Release|Any CPU.ActiveCfg = Release|Any CPU
		{E2D155B9-D534-4368-8A5C-99FD384FB06E}.Release|Any CPU.Build.0 = Release|Any CPU
		{43FF85C9-FC81-4F49-BDC7-C6D4647C65E7}.Debug|Any CPU.ActiveCfg = Debug|Any CPU
		{43FF85C9-FC81-4F49-BDC7-C6D4647C65E7}.Debug|Any CPU.Build.0 = Debug|Any CPU
		{43FF85C9-FC81-4F49-BDC7-C6D4647C65E7}.Release|Any CPU.ActiveCfg = Release|Any CPU
		{43FF85C9-FC81-4F49-BDC7-C6D4647C65E7}.Release|Any CPU.Build.0 = Release|Any CPU
		{B1AB7098-324A-40FF-9A79-9C24976AC3DD}.Debug|Any CPU.ActiveCfg = Debug|Any CPU
		{B1AB7098-324A-40FF-9A79-9C24976AC3DD}.Debug|Any CPU.Build.0 = Debug|Any CPU
		{B1AB7098-324A-40FF-9A79-9C24976AC3DD}.Release|Any CPU.ActiveCfg = Release|Any CPU
		{B1AB7098-324A-40FF-9A79-9C24976AC3DD}.Release|Any CPU.Build.0 = Release|Any CPU
		{A68F23D5-B6DF-467E-A9D9-B27F9142CE8C}.Debug|Any CPU.ActiveCfg = Debug|Any CPU
		{A68F23D5-B6DF-467E-A9D9-B27F9142CE8C}.Debug|Any CPU.Build.0 = Debug|Any CPU
		{A68F23D5-B6DF-467E-A9D9-B27F9142CE8C}.Release|Any CPU.ActiveCfg = Release|Any CPU
		{A68F23D5-B6DF-467E-A9D9-B27F9142CE8C}.Release|Any CPU.Build.0 = Release|Any CPU
	EndGlobalSection
	GlobalSection(SolutionProperties) = preSolution
		HideSolutionNode = FALSE
	EndGlobalSection
	GlobalSection(ExtensibilityGlobals) = postSolution
		SolutionGuid = {DF4B6CDD-E9F2-4E01-B6F9-4EFF0CD6D485}
	EndGlobalSection
EndGlobal
